// !$*UTF8*$!
{
	archiveVersion = 1;
	classes = {
	};
	objectVersion = 55;
	objects = {

/* Begin PBXBuildFile section */
		5208F70F28D26C8300246A93 /* ConsultCepViewModel.swift in Sources */ = {isa = PBXBuildFile; fileRef = 5208F70E28D26C8300246A93 /* ConsultCepViewModel.swift */; };
		526439AD28831C0A000136CB /* CepModel.swift in Sources */ = {isa = PBXBuildFile; fileRef = 526439AC28831C0A000136CB /* CepModel.swift */; };
		526439AF28832860000136CB /* ResultCepView.swift in Sources */ = {isa = PBXBuildFile; fileRef = 526439AE28832860000136CB /* ResultCepView.swift */; };
		52DC8CFD2883012C00203E23 /* AppDelegate.swift in Sources */ = {isa = PBXBuildFile; fileRef = 52DC8CFC2883012C00203E23 /* AppDelegate.swift */; };
		52DC8CFF2883012C00203E23 /* SceneDelegate.swift in Sources */ = {isa = PBXBuildFile; fileRef = 52DC8CFE2883012C00203E23 /* SceneDelegate.swift */; };
		52DC8D012883012C00203E23 /* ConsultCepViewController.swift in Sources */ = {isa = PBXBuildFile; fileRef = 52DC8D002883012C00203E23 /* ConsultCepViewController.swift */; };
		52DC8D062883012E00203E23 /* Assets.xcassets in Resources */ = {isa = PBXBuildFile; fileRef = 52DC8D052883012E00203E23 /* Assets.xcassets */; };
		52DC8D092883012E00203E23 /* LaunchScreen.storyboard in Resources */ = {isa = PBXBuildFile; fileRef = 52DC8D072883012E00203E23 /* LaunchScreen.storyboard */; };
		52DC8D142883012E00203E23 /* ConsultaCEPTests.swift in Sources */ = {isa = PBXBuildFile; fileRef = 52DC8D132883012E00203E23 /* ConsultaCEPTests.swift */; };
		52DC8D1E2883012E00203E23 /* ConsultaCEPUITests.swift in Sources */ = {isa = PBXBuildFile; fileRef = 52DC8D1D2883012E00203E23 /* ConsultaCEPUITests.swift */; };
		52DC8D202883012F00203E23 /* ConsultaCEPUITestsLaunchTests.swift in Sources */ = {isa = PBXBuildFile; fileRef = 52DC8D1F2883012F00203E23 /* ConsultaCEPUITestsLaunchTests.swift */; };
		52DC8D2D2883019700203E23 /* ConsultCepView.swift in Sources */ = {isa = PBXBuildFile; fileRef = 52DC8D2C2883019700203E23 /* ConsultCepView.swift */; };
		52DC8D2F288302C900203E23 /* Coordinator.swift in Sources */ = {isa = PBXBuildFile; fileRef = 52DC8D2E288302C900203E23 /* Coordinator.swift */; };
		52DC8D31288302FD00203E23 /* StartCoordinator.swift in Sources */ = {isa = PBXBuildFile; fileRef = 52DC8D30288302FD00203E23 /* StartCoordinator.swift */; };
/* End PBXBuildFile section */

/* Begin PBXContainerItemProxy section */
		52DC8D102883012E00203E23 /* PBXContainerItemProxy */ = {
			isa = PBXContainerItemProxy;
			containerPortal = 52DC8CF12883012C00203E23 /* Project object */;
			proxyType = 1;
			remoteGlobalIDString = 52DC8CF82883012C00203E23;
			remoteInfo = ConsultaCEP;
		};
		52DC8D1A2883012E00203E23 /* PBXContainerItemProxy */ = {
			isa = PBXContainerItemProxy;
			containerPortal = 52DC8CF12883012C00203E23 /* Project object */;
			proxyType = 1;
			remoteGlobalIDString = 52DC8CF82883012C00203E23;
			remoteInfo = ConsultaCEP;
		};
/* End PBXContainerItemProxy section */

/* Begin PBXFileReference section */
		5208F70E28D26C8300246A93 /* ConsultCepViewModel.swift */ = {isa = PBXFileReference; lastKnownFileType = sourcecode.swift; path = ConsultCepViewModel.swift; sourceTree = "<group>"; };
		526439AC28831C0A000136CB /* CepModel.swift */ = {isa = PBXFileReference; lastKnownFileType = sourcecode.swift; path = CepModel.swift; sourceTree = "<group>"; };
		526439AE28832860000136CB /* ResultCepView.swift */ = {isa = PBXFileReference; lastKnownFileType = sourcecode.swift; path = ResultCepView.swift; sourceTree = "<group>"; };
		52DC8CF92883012C00203E23 /* ConsultaCEP.app */ = {isa = PBXFileReference; explicitFileType = wrapper.application; includeInIndex = 0; path = ConsultaCEP.app; sourceTree = BUILT_PRODUCTS_DIR; };
		52DC8CFC2883012C00203E23 /* AppDelegate.swift */ = {isa = PBXFileReference; lastKnownFileType = sourcecode.swift; path = AppDelegate.swift; sourceTree = "<group>"; };
		52DC8CFE2883012C00203E23 /* SceneDelegate.swift */ = {isa = PBXFileReference; lastKnownFileType = sourcecode.swift; path = SceneDelegate.swift; sourceTree = "<group>"; };
		52DC8D002883012C00203E23 /* ConsultCepViewController.swift */ = {isa = PBXFileReference; lastKnownFileType = sourcecode.swift; path = ConsultCepViewController.swift; sourceTree = "<group>"; };
		52DC8D052883012E00203E23 /* Assets.xcassets */ = {isa = PBXFileReference; lastKnownFileType = folder.assetcatalog; path = Assets.xcassets; sourceTree = "<group>"; };
		52DC8D082883012E00203E23 /* Base */ = {isa = PBXFileReference; lastKnownFileType = file.storyboard; name = Base; path = Base.lproj/LaunchScreen.storyboard; sourceTree = "<group>"; };
		52DC8D0A2883012E00203E23 /* Info.plist */ = {isa = PBXFileReference; lastKnownFileType = text.plist.xml; path = Info.plist; sourceTree = "<group>"; };
		52DC8D0F2883012E00203E23 /* ConsultaCEPTests.xctest */ = {isa = PBXFileReference; explicitFileType = wrapper.cfbundle; includeInIndex = 0; path = ConsultaCEPTests.xctest; sourceTree = BUILT_PRODUCTS_DIR; };
		52DC8D132883012E00203E23 /* ConsultaCEPTests.swift */ = {isa = PBXFileReference; lastKnownFileType = sourcecode.swift; path = ConsultaCEPTests.swift; sourceTree = "<group>"; };
		52DC8D192883012E00203E23 /* ConsultaCEPUITests.xctest */ = {isa = PBXFileReference; explicitFileType = wrapper.cfbundle; includeInIndex = 0; path = ConsultaCEPUITests.xctest; sourceTree = BUILT_PRODUCTS_DIR; };
		52DC8D1D2883012E00203E23 /* ConsultaCEPUITests.swift */ = {isa = PBXFileReference; lastKnownFileType = sourcecode.swift; path = ConsultaCEPUITests.swift; sourceTree = "<group>"; };
		52DC8D1F2883012F00203E23 /* ConsultaCEPUITestsLaunchTests.swift */ = {isa = PBXFileReference; lastKnownFileType = sourcecode.swift; path = ConsultaCEPUITestsLaunchTests.swift; sourceTree = "<group>"; };
		52DC8D2C2883019700203E23 /* ConsultCepView.swift */ = {isa = PBXFileReference; lastKnownFileType = sourcecode.swift; path = ConsultCepView.swift; sourceTree = "<group>"; };
		52DC8D2E288302C900203E23 /* Coordinator.swift */ = {isa = PBXFileReference; lastKnownFileType = sourcecode.swift; path = Coordinator.swift; sourceTree = "<group>"; };
		52DC8D30288302FD00203E23 /* StartCoordinator.swift */ = {isa = PBXFileReference; lastKnownFileType = sourcecode.swift; path = StartCoordinator.swift; sourceTree = "<group>"; };
/* End PBXFileReference section */

/* Begin PBXFrameworksBuildPhase section */
		52DC8CF62883012C00203E23 /* Frameworks */ = {
			isa = PBXFrameworksBuildPhase;
			buildActionMask = 2147483647;
			files = (
			);
			runOnlyForDeploymentPostprocessing = 0;
		};
		52DC8D0C2883012E00203E23 /* Frameworks */ = {
			isa = PBXFrameworksBuildPhase;
			buildActionMask = 2147483647;
			files = (
			);
			runOnlyForDeploymentPostprocessing = 0;
		};
		52DC8D162883012E00203E23 /* Frameworks */ = {
			isa = PBXFrameworksBuildPhase;
			buildActionMask = 2147483647;
			files = (
			);
			runOnlyForDeploymentPostprocessing = 0;
		};
/* End PBXFrameworksBuildPhase section */

/* Begin PBXGroup section */
		526439AA28831190000136CB /* Sources */ = {
			isa = PBXGroup;
			children = (
				526439B5288379C4000136CB /* Model */,
				526439B4288379BE000136CB /* View */,
				526439B3288379AD000136CB /* ViewModel */,
				526439B22883799D000136CB /* Coordinator */,
			);
			path = Sources;
			sourceTree = "<group>";
		};
		526439AB28831197000136CB /* Resources */ = {
			isa = PBXGroup;
			children = (
				52DC8CFC2883012C00203E23 /* AppDelegate.swift */,
				52DC8CFE2883012C00203E23 /* SceneDelegate.swift */,
				52DC8D052883012E00203E23 /* Assets.xcassets */,
				52DC8D072883012E00203E23 /* LaunchScreen.storyboard */,
			);
			path = Resources;
			sourceTree = "<group>";
		};
		526439B22883799D000136CB /* Coordinator */ = {
			isa = PBXGroup;
			children = (
				52DC8D30288302FD00203E23 /* StartCoordinator.swift */,
				52DC8D2E288302C900203E23 /* Coordinator.swift */,
			);
			path = Coordinator;
			sourceTree = "<group>";
		};
		526439B3288379AD000136CB /* ViewModel */ = {
			isa = PBXGroup;
			children = (
				5208F70E28D26C8300246A93 /* ConsultCepViewModel.swift */,
			);
			path = ViewModel;
			sourceTree = "<group>";
		};
		526439B4288379BE000136CB /* View */ = {
			isa = PBXGroup;
			children = (
				526439AE28832860000136CB /* ResultCepView.swift */,
				52DC8D002883012C00203E23 /* ConsultCepViewController.swift */,
				52DC8D2C2883019700203E23 /* ConsultCepView.swift */,
			);
			path = View;
			sourceTree = "<group>";
		};
		526439B5288379C4000136CB /* Model */ = {
			isa = PBXGroup;
			children = (
				526439AC28831C0A000136CB /* CepModel.swift */,
			);
			path = Model;
			sourceTree = "<group>";
		};
		52DC8CF02883012C00203E23 = {
			isa = PBXGroup;
			children = (
				52DC8CFB2883012C00203E23 /* ConsultaCEP */,
				52DC8D122883012E00203E23 /* ConsultaCEPTests */,
				52DC8D1C2883012E00203E23 /* ConsultaCEPUITests */,
				52DC8CFA2883012C00203E23 /* Products */,
			);
			sourceTree = "<group>";
		};
		52DC8CFA2883012C00203E23 /* Products */ = {
			isa = PBXGroup;
			children = (
				52DC8CF92883012C00203E23 /* ConsultaCEP.app */,
				52DC8D0F2883012E00203E23 /* ConsultaCEPTests.xctest */,
				52DC8D192883012E00203E23 /* ConsultaCEPUITests.xctest */,
			);
			name = Products;
			sourceTree = "<group>";
		};
		52DC8CFB2883012C00203E23 /* ConsultaCEP */ = {
			isa = PBXGroup;
			children = (
				52DC8D0A2883012E00203E23 /* Info.plist */,
				526439AB28831197000136CB /* Resources */,
				526439AA28831190000136CB /* Sources */,
			);
			path = ConsultaCEP;
			sourceTree = "<group>";
		};
		52DC8D122883012E00203E23 /* ConsultaCEPTests */ = {
			isa = PBXGroup;
			children = (
				52DC8D132883012E00203E23 /* ConsultaCEPTests.swift */,
			);
			path = ConsultaCEPTests;
			sourceTree = "<group>";
		};
		52DC8D1C2883012E00203E23 /* ConsultaCEPUITests */ = {
			isa = PBXGroup;
			children = (
				52DC8D1D2883012E00203E23 /* ConsultaCEPUITests.swift */,
				52DC8D1F2883012F00203E23 /* ConsultaCEPUITestsLaunchTests.swift */,
			);
			path = ConsultaCEPUITests;
			sourceTree = "<group>";
		};
/* End PBXGroup section */

/* Begin PBXNativeTarget section */
		52DC8CF82883012C00203E23 /* ConsultaCEP */ = {
			isa = PBXNativeTarget;
			buildConfigurationList = 52DC8D232883012F00203E23 /* Build configuration list for PBXNativeTarget "ConsultaCEP" */;
			buildPhases = (
				52DC8CF52883012C00203E23 /* Sources */,
				52DC8CF62883012C00203E23 /* Frameworks */,
				52DC8CF72883012C00203E23 /* Resources */,
			);
			buildRules = (
			);
			dependencies = (
			);
			name = ConsultaCEP;
			productName = ConsultaCEP;
			productReference = 52DC8CF92883012C00203E23 /* ConsultaCEP.app */;
			productType = "com.apple.product-type.application";
		};
		52DC8D0E2883012E00203E23 /* ConsultaCEPTests */ = {
			isa = PBXNativeTarget;
			buildConfigurationList = 52DC8D262883012F00203E23 /* Build configuration list for PBXNativeTarget "ConsultaCEPTests" */;
			buildPhases = (
				52DC8D0B2883012E00203E23 /* Sources */,
				52DC8D0C2883012E00203E23 /* Frameworks */,
				52DC8D0D2883012E00203E23 /* Resources */,
			);
			buildRules = (
			);
			dependencies = (
				52DC8D112883012E00203E23 /* PBXTargetDependency */,
			);
			name = ConsultaCEPTests;
			productName = ConsultaCEPTests;
			productReference = 52DC8D0F2883012E00203E23 /* ConsultaCEPTests.xctest */;
			productType = "com.apple.product-type.bundle.unit-test";
		};
		52DC8D182883012E00203E23 /* ConsultaCEPUITests */ = {
			isa = PBXNativeTarget;
			buildConfigurationList = 52DC8D292883012F00203E23 /* Build configuration list for PBXNativeTarget "ConsultaCEPUITests" */;
			buildPhases = (
				52DC8D152883012E00203E23 /* Sources */,
				52DC8D162883012E00203E23 /* Frameworks */,
				52DC8D172883012E00203E23 /* Resources */,
			);
			buildRules = (
			);
			dependencies = (
				52DC8D1B2883012E00203E23 /* PBXTargetDependency */,
			);
			name = ConsultaCEPUITests;
			productName = ConsultaCEPUITests;
			productReference = 52DC8D192883012E00203E23 /* ConsultaCEPUITests.xctest */;
			productType = "com.apple.product-type.bundle.ui-testing";
		};
/* End PBXNativeTarget section */

/* Begin PBXProject section */
		52DC8CF12883012C00203E23 /* Project object */ = {
			isa = PBXProject;
			attributes = {
				BuildIndependentTargetsInParallel = 1;
				LastSwiftUpdateCheck = 1340;
				LastUpgradeCheck = 1340;
				TargetAttributes = {
					52DC8CF82883012C00203E23 = {
						CreatedOnToolsVersion = 13.4.1;
					};
					52DC8D0E2883012E00203E23 = {
						CreatedOnToolsVersion = 13.4.1;
						TestTargetID = 52DC8CF82883012C00203E23;
					};
					52DC8D182883012E00203E23 = {
						CreatedOnToolsVersion = 13.4.1;
						TestTargetID = 52DC8CF82883012C00203E23;
					};
				};
			};
			buildConfigurationList = 52DC8CF42883012C00203E23 /* Build configuration list for PBXProject "ConsultaCEP" */;
			compatibilityVersion = "Xcode 13.0";
			developmentRegion = en;
			hasScannedForEncodings = 0;
			knownRegions = (
				en,
				Base,
			);
			mainGroup = 52DC8CF02883012C00203E23;
			productRefGroup = 52DC8CFA2883012C00203E23 /* Products */;
			projectDirPath = "";
			projectRoot = "";
			targets = (
				52DC8CF82883012C00203E23 /* ConsultaCEP */,
				52DC8D0E2883012E00203E23 /* ConsultaCEPTests */,
				52DC8D182883012E00203E23 /* ConsultaCEPUITests */,
			);
		};
/* End PBXProject section */

/* Begin PBXResourcesBuildPhase section */
		52DC8CF72883012C00203E23 /* Resources */ = {
			isa = PBXResourcesBuildPhase;
			buildActionMask = 2147483647;
			files = (
				52DC8D092883012E00203E23 /* LaunchScreen.storyboard in Resources */,
				52DC8D062883012E00203E23 /* Assets.xcassets in Resources */,
			);
			runOnlyForDeploymentPostprocessing = 0;
		};
		52DC8D0D2883012E00203E23 /* Resources */ = {
			isa = PBXResourcesBuildPhase;
			buildActionMask = 2147483647;
			files = (
			);
			runOnlyForDeploymentPostprocessing = 0;
		};
		52DC8D172883012E00203E23 /* Resources */ = {
			isa = PBXResourcesBuildPhase;
			buildActionMask = 2147483647;
			files = (
			);
			runOnlyForDeploymentPostprocessing = 0;
		};
/* End PBXResourcesBuildPhase section */

/* Begin PBXSourcesBuildPhase section */
		52DC8CF52883012C00203E23 /* Sources */ = {
			isa = PBXSourcesBuildPhase;
			buildActionMask = 2147483647;
			files = (
				526439AF28832860000136CB /* ResultCepView.swift in Sources */,
				526439AD28831C0A000136CB /* CepModel.swift in Sources */,
				5208F70F28D26C8300246A93 /* ConsultCepViewModel.swift in Sources */,
				52DC8D2D2883019700203E23 /* ConsultCepView.swift in Sources */,
				52DC8D31288302FD00203E23 /* StartCoordinator.swift in Sources */,
				52DC8D012883012C00203E23 /* ConsultCepViewController.swift in Sources */,
				52DC8D2F288302C900203E23 /* Coordinator.swift in Sources */,
				52DC8CFD2883012C00203E23 /* AppDelegate.swift in Sources */,
				52DC8CFF2883012C00203E23 /* SceneDelegate.swift in Sources */,
			);
			runOnlyForDeploymentPostprocessing = 0;
		};
		52DC8D0B2883012E00203E23 /* Sources */ = {
			isa = PBXSourcesBuildPhase;
			buildActionMask = 2147483647;
			files = (
				52DC8D142883012E00203E23 /* ConsultaCEPTests.swift in Sources */,
			);
			runOnlyForDeploymentPostprocessing = 0;
		};
		52DC8D152883012E00203E23 /* Sources */ = {
			isa = PBXSourcesBuildPhase;
			buildActionMask = 2147483647;
			files = (
				52DC8D202883012F00203E23 /* ConsultaCEPUITestsLaunchTests.swift in Sources */,
				52DC8D1E2883012E00203E23 /* ConsultaCEPUITests.swift in Sources */,
			);
			runOnlyForDeploymentPostprocessing = 0;
		};
/* End PBXSourcesBuildPhase section */

/* Begin PBXTargetDependency section */
		52DC8D112883012E00203E23 /* PBXTargetDependency */ = {
			isa = PBXTargetDependency;
			target = 52DC8CF82883012C00203E23 /* ConsultaCEP */;
			targetProxy = 52DC8D102883012E00203E23 /* PBXContainerItemProxy */;
		};
		52DC8D1B2883012E00203E23 /* PBXTargetDependency */ = {
			isa = PBXTargetDependency;
			target = 52DC8CF82883012C00203E23 /* ConsultaCEP */;
			targetProxy = 52DC8D1A2883012E00203E23 /* PBXContainerItemProxy */;
		};
/* End PBXTargetDependency section */

/* Begin PBXVariantGroup section */
		52DC8D072883012E00203E23 /* LaunchScreen.storyboard */ = {
			isa = PBXVariantGroup;
			children = (
				52DC8D082883012E00203E23 /* Base */,
			);
			name = LaunchScreen.storyboard;
			sourceTree = "<group>";
		};
/* End PBXVariantGroup section */

/* Begin XCBuildConfiguration section */
		52DC8D212883012F00203E23 /* Debug */ = {
			isa = XCBuildConfiguration;
			buildSettings = {
				ALWAYS_SEARCH_USER_PATHS = NO;
				CLANG_ANALYZER_NONNULL = YES;
				CLANG_ANALYZER_NUMBER_OBJECT_CONVERSION = YES_AGGRESSIVE;
				CLANG_CXX_LANGUAGE_STANDARD = "gnu++17";
				CLANG_ENABLE_MODULES = YES;
				CLANG_ENABLE_OBJC_ARC = YES;
				CLANG_ENABLE_OBJC_WEAK = YES;
				CLANG_WARN_BLOCK_CAPTURE_AUTORELEASING = YES;
				CLANG_WARN_BOOL_CONVERSION = YES;
				CLANG_WARN_COMMA = YES;
				CLANG_WARN_CONSTANT_CONVERSION = YES;
				CLANG_WARN_DEPRECATED_OBJC_IMPLEMENTATIONS = YES;
				CLANG_WARN_DIRECT_OBJC_ISA_USAGE = YES_ERROR;
				CLANG_WARN_DOCUMENTATION_COMMENTS = YES;
				CLANG_WARN_EMPTY_BODY = YES;
				CLANG_WARN_ENUM_CONVERSION = YES;
				CLANG_WARN_INFINITE_RECURSION = YES;
				CLANG_WARN_INT_CONVERSION = YES;
				CLANG_WARN_NON_LITERAL_NULL_CONVERSION = YES;
				CLANG_WARN_OBJC_IMPLICIT_RETAIN_SELF = YES;
				CLANG_WARN_OBJC_LITERAL_CONVERSION = YES;
				CLANG_WARN_OBJC_ROOT_CLASS = YES_ERROR;
				CLANG_WARN_QUOTED_INCLUDE_IN_FRAMEWORK_HEADER = YES;
				CLANG_WARN_RANGE_LOOP_ANALYSIS = YES;
				CLANG_WARN_STRICT_PROTOTYPES = YES;
				CLANG_WARN_SUSPICIOUS_MOVE = YES;
				CLANG_WARN_UNGUARDED_AVAILABILITY = YES_AGGRESSIVE;
				CLANG_WARN_UNREACHABLE_CODE = YES;
				CLANG_WARN__DUPLICATE_METHOD_MATCH = YES;
				COPY_PHASE_STRIP = NO;
				DEBUG_INFORMATION_FORMAT = dwarf;
				ENABLE_STRICT_OBJC_MSGSEND = YES;
				ENABLE_TESTABILITY = YES;
				GCC_C_LANGUAGE_STANDARD = gnu11;
				GCC_DYNAMIC_NO_PIC = NO;
				GCC_NO_COMMON_BLOCKS = YES;
				GCC_OPTIMIZATION_LEVEL = 0;
				GCC_PREPROCESSOR_DEFINITIONS = (
					"DEBUG=1",
					"$(inherited)",
				);
				GCC_WARN_64_TO_32_BIT_CONVERSION = YES;
				GCC_WARN_ABOUT_RETURN_TYPE = YES_ERROR;
				GCC_WARN_UNDECLARED_SELECTOR = YES;
				GCC_WARN_UNINITIALIZED_AUTOS = YES_AGGRESSIVE;
				GCC_WARN_UNUSED_FUNCTION = YES;
				GCC_WARN_UNUSED_VARIABLE = YES;
				IPHONEOS_DEPLOYMENT_TARGET = 15.5;
				MTL_ENABLE_DEBUG_INFO = INCLUDE_SOURCE;
				MTL_FAST_MATH = YES;
				ONLY_ACTIVE_ARCH = YES;
				SDKROOT = iphoneos;
				SWIFT_ACTIVE_COMPILATION_CONDITIONS = DEBUG;
				SWIFT_OPTIMIZATION_LEVEL = "-Onone";
			};
			name = Debug;
		};
		52DC8D222883012F00203E23 /* Release */ = {
			isa = XCBuildConfiguration;
			buildSettings = {
				ALWAYS_SEARCH_USER_PATHS = NO;
				CLANG_ANALYZER_NONNULL = YES;
				CLANG_ANALYZER_NUMBER_OBJECT_CONVERSION = YES_AGGRESSIVE;
				CLANG_CXX_LANGUAGE_STANDARD = "gnu++17";
				CLANG_ENABLE_MODULES = YES;
				CLANG_ENABLE_OBJC_ARC = YES;
				CLANG_ENABLE_OBJC_WEAK = YES;
				CLANG_WARN_BLOCK_CAPTURE_AUTORELEASING = YES;
				CLANG_WARN_BOOL_CONVERSION = YES;
				CLANG_WARN_COMMA = YES;
				CLANG_WARN_CONSTANT_CONVERSION = YES;
				CLANG_WARN_DEPRECATED_OBJC_IMPLEMENTATIONS = YES;
				CLANG_WARN_DIRECT_OBJC_ISA_USAGE = YES_ERROR;
				CLANG_WARN_DOCUMENTATION_COMMENTS = YES;
				CLANG_WARN_EMPTY_BODY = YES;
				CLANG_WARN_ENUM_CONVERSION = YES;
				CLANG_WARN_INFINITE_RECURSION = YES;
				CLANG_WARN_INT_CONVERSION = YES;
				CLANG_WARN_NON_LITERAL_NULL_CONVERSION = YES;
				CLANG_WARN_OBJC_IMPLICIT_RETAIN_SELF = YES;
				CLANG_WARN_OBJC_LITERAL_CONVERSION = YES;
				CLANG_WARN_OBJC_ROOT_CLASS = YES_ERROR;
				CLANG_WARN_QUOTED_INCLUDE_IN_FRAMEWORK_HEADER = YES;
				CLANG_WARN_RANGE_LOOP_ANALYSIS = YES;
				CLANG_WARN_STRICT_PROTOTYPES = YES;
				CLANG_WARN_SUSPICIOUS_MOVE = YES;
				CLANG_WARN_UNGUARDED_AVAILABILITY = YES_AGGRESSIVE;
				CLANG_WARN_UNREACHABLE_CODE = YES;
				CLANG_WARN__DUPLICATE_METHOD_MATCH = YES;
				COPY_PHASE_STRIP = NO;
				DEBUG_INFORMATION_FORMAT = "dwarf-with-dsym";
				ENABLE_NS_ASSERTIONS = NO;
				ENABLE_STRICT_OBJC_MSGSEND = YES;
				GCC_C_LANGUAGE_STANDARD = gnu11;
				GCC_NO_COMMON_BLOCKS = YES;
				GCC_WARN_64_TO_32_BIT_CONVERSION = YES;
				GCC_WARN_ABOUT_RETURN_TYPE = YES_ERROR;
				GCC_WARN_UNDECLARED_SELECTOR = YES;
				GCC_WARN_UNINITIALIZED_AUTOS = YES_AGGRESSIVE;
				GCC_WARN_UNUSED_FUNCTION = YES;
				GCC_WARN_UNUSED_VARIABLE = YES;
				IPHONEOS_DEPLOYMENT_TARGET = 15.5;
				MTL_ENABLE_DEBUG_INFO = NO;
				MTL_FAST_MATH = YES;
				SDKROOT = iphoneos;
				SWIFT_COMPILATION_MODE = wholemodule;
				SWIFT_OPTIMIZATION_LEVEL = "-O";
				VALIDATE_PRODUCT = YES;
			};
			name = Release;
		};
		52DC8D242883012F00203E23 /* Debug */ = {
			isa = XCBuildConfiguration;
			buildSettings = {
				ASSETCATALOG_COMPILER_APPICON_NAME = AppIcon;
				ASSETCATALOG_COMPILER_GLOBAL_ACCENT_COLOR_NAME = AccentColor;
				CODE_SIGN_STYLE = Automatic;
				CURRENT_PROJECT_VERSION = 1;
				DEVELOPMENT_TEAM = 4YZBY4QHWG;
				GENERATE_INFOPLIST_FILE = YES;
				INFOPLIST_FILE = ConsultaCEP/Info.plist;
				INFOPLIST_KEY_UIApplicationSupportsIndirectInputEvents = YES;
				INFOPLIST_KEY_UILaunchStoryboardName = LaunchScreen;
				INFOPLIST_KEY_UISupportedInterfaceOrientations_iPad = "UIInterfaceOrientationPortrait UIInterfaceOrientationPortraitUpsideDown UIInterfaceOrientationLandscapeLeft UIInterfaceOrientationLandscapeRight";
				INFOPLIST_KEY_UISupportedInterfaceOrientations_iPhone = "UIInterfaceOrientationPortrait UIInterfaceOrientationLandscapeLeft UIInterfaceOrientationLandscapeRight";
				LD_RUNPATH_SEARCH_PATHS = (
					"$(inherited)",
					"@executable_path/Frameworks",
				);
				MARKETING_VERSION = 1.0;
				PRODUCT_BUNDLE_IDENTIFIER = Renilson.moreira.ConsultaCEP;
				PRODUCT_NAME = "$(TARGET_NAME)";
				SWIFT_EMIT_LOC_STRINGS = YES;
				SWIFT_VERSION = 5.0;
				TARGETED_DEVICE_FAMILY = "1,2";
			};
			name = Debug;
		};
		52DC8D252883012F00203E23 /* Release */ = {
			isa = XCBuildConfiguration;
			buildSettings = {
				ASSETCATALOG_COMPILER_APPICON_NAME = AppIcon;
				ASSETCATALOG_COMPILER_GLOBAL_ACCENT_COLOR_NAME = AccentColor;
				CODE_SIGN_STYLE = Automatic;
				CURRENT_PROJECT_VERSION = 1;
				DEVELOPMENT_TEAM = 4YZBY4QHWG;
				GENERATE_INFOPLIST_FILE = YES;
				INFOPLIST_FILE = ConsultaCEP/Info.plist;
				INFOPLIST_KEY_UIApplicationSupportsIndirectInputEvents = YES;
				INFOPLIST_KEY_UILaunchStoryboardName = LaunchScreen;
				INFOPLIST_KEY_UISupportedInterfaceOrientations_iPad = "UIInterfaceOrientationPortrait UIInterfaceOrientationPortraitUpsideDown UIInterfaceOrientationLandscapeLeft UIInterfaceOrientationLandscapeRight";
				INFOPLIST_KEY_UISupportedInterfaceOrientations_iPhone = "UIInterfaceOrientationPortrait UIInterfaceOrientationLandscapeLeft UIInterfaceOrientationLandscapeRight";
				LD_RUNPATH_SEARCH_PATHS = (
					"$(inherited)",
					"@executable_path/Frameworks",
				);
				MARKETING_VERSION = 1.0;
				PRODUCT_BUNDLE_IDENTIFIER = Renilson.moreira.ConsultaCEP;
				PRODUCT_NAME = "$(TARGET_NAME)";
				SWIFT_EMIT_LOC_STRINGS = YES;
				SWIFT_VERSION = 5.0;
				TARGETED_DEVICE_FAMILY = "1,2";
			};
			name = Release;
		};
		52DC8D272883012F00203E23 /* Debug */ = {
			isa = XCBuildConfiguration;
			buildSettings = {
				ALWAYS_EMBED_SWIFT_STANDARD_LIBRARIES = YES;
				BUNDLE_LOADER = "$(TEST_HOST)";
				CODE_SIGN_STYLE = Automatic;
				CURRENT_PROJECT_VERSION = 1;
				DEVELOPMENT_TEAM = 4YZBY4QHWG;
				GENERATE_INFOPLIST_FILE = YES;
				IPHONEOS_DEPLOYMENT_TARGET = 15.5;
				MARKETING_VERSION = 1.0;
				PRODUCT_BUNDLE_IDENTIFIER = Renilson.moreira.ConsultaCEPTests;
				PRODUCT_NAME = "$(TARGET_NAME)";
				SWIFT_EMIT_LOC_STRINGS = NO;
				SWIFT_VERSION = 5.0;
				TARGETED_DEVICE_FAMILY = "1,2";
				TEST_HOST = "$(BUILT_PRODUCTS_DIR)/ConsultaCEP.app/ConsultaCEP";
			};
			name = Debug;
		};
		52DC8D282883012F00203E23 /* Release */ = {
			isa = XCBuildConfiguration;
			buildSettings = {
				ALWAYS_EMBED_SWIFT_STANDARD_LIBRARIES = YES;
				BUNDLE_LOADER = "$(TEST_HOST)";
				CODE_SIGN_STYLE = Automatic;
				CURRENT_PROJECT_VERSION = 1;
				DEVELOPMENT_TEAM = 4YZBY4QHWG;
				GENERATE_INFOPLIST_FILE = YES;
				IPHONEOS_DEPLOYMENT_TARGET = 15.5;
				MARKETING_VERSION = 1.0;
				PRODUCT_BUNDLE_IDENTIFIER = Renilson.moreira.ConsultaCEPTests;
				PRODUCT_NAME = "$(TARGET_NAME)";
				SWIFT_EMIT_LOC_STRINGS = NO;
				SWIFT_VERSION = 5.0;
				TARGETED_DEVICE_FAMILY = "1,2";
				TEST_HOST = "$(BUILT_PRODUCTS_DIR)/ConsultaCEP.app/ConsultaCEP";
			};
			name = Release;
		};
		52DC8D2A2883012F00203E23 /* Debug */ = {
			isa = XCBuildConfiguration;
			buildSettings = {
				ALWAYS_EMBED_SWIFT_STANDARD_LIBRARIES = YES;
				CODE_SIGN_STYLE = Automatic;
				CURRENT_PROJECT_VERSION = 1;
				DEVELOPMENT_TEAM = 4YZBY4QHWG;
				GENERATE_INFOPLIST_FILE = YES;
				MARKETING_VERSION = 1.0;
				PRODUCT_BUNDLE_IDENTIFIER = Renilson.moreira.ConsultaCEPUITests;
				PRODUCT_NAME = "$(TARGET_NAME)";
				SWIFT_EMIT_LOC_STRINGS = NO;
				SWIFT_VERSION = 5.0;
				TARGETED_DEVICE_FAMILY = "1,2";
				TEST_TARGET_NAME = ConsultaCEP;
			};
			name = Debug;
		};
		52DC8D2B2883012F00203E23 /* Release */ = {
			isa = XCBuildConfiguration;
			buildSettings = {
				ALWAYS_EMBED_SWIFT_STANDARD_LIBRARIES = YES;
				CODE_SIGN_STYLE = Automatic;
				CURRENT_PROJECT_VERSION = 1;
				DEVELOPMENT_TEAM = 4YZBY4QHWG;
				GENERATE_INFOPLIST_FILE = YES;
				MARKETING_VERSION = 1.0;
				PRODUCT_BUNDLE_IDENTIFIER = Renilson.moreira.ConsultaCEPUITests;
				PRODUCT_NAME = "$(TARGET_NAME)";
				SWIFT_EMIT_LOC_STRINGS = NO;
				SWIFT_VERSION = 5.0;
				TARGETED_DEVICE_FAMILY = "1,2";
				TEST_TARGET_NAME = ConsultaCEP;
			};
			name = Release;
		};
/* End XCBuildConfiguration section */

/* Begin XCConfigurationList section */
		52DC8CF42883012C00203E23 /* Build configuration list for PBXProject "ConsultaCEP" */ = {
			isa = XCConfigurationList;
			buildConfigurations = (
				52DC8D212883012F00203E23 /* Debug */,
				52DC8D222883012F00203E23 /* Release */,
			);
			defaultConfigurationIsVisible = 0;
			defaultConfigurationName = Release;
		};
		52DC8D232883012F00203E23 /* Build configuration list for PBXNativeTarget "ConsultaCEP" */ = {
			isa = XCConfigurationList;
			buildConfigurations = (
				52DC8D242883012F00203E23 /* Debug */,
				52DC8D252883012F00203E23 /* Release */,
			);
			defaultConfigurationIsVisible = 0;
			defaultConfigurationName = Release;
		};
		52DC8D262883012F00203E23 /* Build configuration list for PBXNativeTarget "ConsultaCEPTests" */ = {
			isa = XCConfigurationList;
			buildConfigurations = (
				52DC8D272883012F00203E23 /* Debug */,
				52DC8D282883012F00203E23 /* Release */,
			);
			defaultConfigurationIsVisible = 0;
			defaultConfigurationName = Release;
		};
		52DC8D292883012F00203E23 /* Build configuration list for PBXNativeTarget "ConsultaCEPUITests" */ = {
			isa = XCConfigurationList;
			buildConfigurations = (
				52DC8D2A2883012F00203E23 /* Debug */,
				52DC8D2B2883012F00203E23 /* Release */,
			);
			defaultConfigurationIsVisible = 0;
			defaultConfigurationName = Release;
		};
/* End XCConfigurationList section */
	};
	rootObject = 52DC8CF12883012C00203E23 /* Project object */;
}
